
Microsoft Visual Studio Solution File, Format Version 12.00
# Visual Studio 15
Project("{FAE04EC0-301F-11D3-BF4B-00C04F79EFBC}") = "Assembly-CSharp", "Assembly-CSharp.csproj", "{F7610A30-A4DD-ABDA-FD1B-BBC6F5CA310E}"
EndProject
Global
	GlobalSection(SolutionConfigurationPlatforms) = preSolution
		Debug|Any CPU = Debug|Any CPU
		Release|Any CPU = Release|Any CPU
	EndGlobalSection
	GlobalSection(ProjectConfigurationPlatforms) = postSolution
		{F7610A30-A4DD-ABDA-FD1B-BBC6F5CA310E}.Debug|Any CPU.ActiveCfg = Debug|Any CPU
		{F7610A30-A4DD-ABDA-FD1B-BBC6F5CA310E}.Debug|Any CPU.Build.0 = Debug|Any CPU
		{F7610A30-A4DD-ABDA-FD1B-BBC6F5CA310E}.Release|Any CPU.ActiveCfg = Release|Any CPU
		{F7610A30-A4DD-ABDA-FD1B-BBC6F5CA310E}.Release|Any CPU.Build.0 = Release|Any CPU
	EndGlobalSection
	GlobalSection(SolutionProperties) = preSolution
		HideSolutionNode = FALSE
	EndGlobalSection
EndGlobal
